version = 1
requires-python = ">=3.12"

[[package]]
name = "autopep8"
version = "2.0.2"
source = { registry = "https://pypi.org/simple" }
dependencies = [
    { name = "pycodestyle" },
]
sdist = { url = "https://files.pythonhosted.org/packages/b2/03/49cb49b37a4d51721ece9c628eb9441f9a4e26ee98ad6e5505238d5b2d7a/autopep8-2.0.2.tar.gz", hash = "sha256:f9849cdd62108cb739dbcdbfb7fdcc9a30d1b63c4cc3e1c1f893b5360941b61c", size = 116154 }
wheels = [
    { url = "https://files.pythonhosted.org/packages/3c/24/4eadb64c81c10b354b0c2b6a54a3542c3ce112954cc4effff038beafb009/autopep8-2.0.2-py2.py3-none-any.whl", hash = "sha256:86e9303b5e5c8160872b2f5ef611161b2893e9bfe8ccc7e2f76385947d57a2f1", size = 45164 },
]

[[package]]
name = "beautifulsoup4"
version = "4.11.2"
source = { registry = "https://pypi.org/simple" }
dependencies = [
    { name = "soupsieve" },
]
sdist = { url = "https://files.pythonhosted.org/packages/75/f8/de84282681c5a8307f3fff67b64641627b2652752d49d9222b77400d02b8/beautifulsoup4-4.11.2.tar.gz", hash = "sha256:bc4bdda6717de5a2987436fb8d72f45dc90dd856bdfd512a1314ce90349a0106", size = 517627 }
wheels = [
    { url = "https://files.pythonhosted.org/packages/c6/ee/16d6f808f5668317d7c23f942091fbc694bcded6aa39678e5167f61b2ba0/beautifulsoup4-4.11.2-py3-none-any.whl", hash = "sha256:0e79446b10b3ecb499c1556f7e228a53e64a2bfcebd455f370d8927cb5b59e39", size = 129388 },
]

[[package]]
name = "certifi"
version = "2022.12.7"
source = { registry = "https://pypi.org/simple" }
sdist = { url = "https://files.pythonhosted.org/packages/37/f7/2b1b0ec44fdc30a3d31dfebe52226be9ddc40cd6c0f34ffc8923ba423b69/certifi-2022.12.7.tar.gz", hash = "sha256:35824b4c3a97115964b408844d64aa14db1cc518f6562e8d7261699d1350a9e3", size = 156897 }
wheels = [
    { url = "https://files.pythonhosted.org/packages/71/4c/3db2b8021bd6f2f0ceb0e088d6b2d49147671f25832fb17970e9b583d742/certifi-2022.12.7-py3-none-any.whl", hash = "sha256:4ad3232f5e926d6718ec31cfc1fcadfde020920e278684144551c91769c7bc18", size = 155255 },
]

[[package]]
name = "charset-normalizer"
version = "3.0.1"
source = { registry = "https://pypi.org/simple" }
sdist = { url = "https://files.pythonhosted.org/packages/96/d7/1675d9089a1f4677df5eb29c3f8b064aa1e70c1251a0a8a127803158942d/charset-normalizer-3.0.1.tar.gz", hash = "sha256:ebea339af930f8ca5d7a699b921106c6e29c617fe9606fa7baa043c1cdae326f", size = 92842 }
wheels = [
    { url = "https://files.pythonhosted.org/packages/68/2b/02e9d6a98ddb73fa238d559a9edcc30b247b8dc4ee848b6184c936e99dc0/charset_normalizer-3.0.1-py3-none-any.whl", hash = "sha256:7e189e2e1d3ed2f4aebabd2d5b0f931e883676e51c7624826e0a4e5fe8a0bf24", size = 45489 },
]

[[package]]
name = "idna"
version = "3.4"
source = { registry = "https://pypi.org/simple" }
sdist = { url = "https://files.pythonhosted.org/packages/8b/e1/43beb3d38dba6cb420cefa297822eac205a277ab43e5ba5d5c46faf96438/idna-3.4.tar.gz", hash = "sha256:814f528e8dead7d329833b91c5faa87d60bf71824cd12a7530b5526063d02cb4", size = 183077 }
wheels = [
    { url = "https://files.pythonhosted.org/packages/fc/34/3030de6f1370931b9dbb4dad48f6ab1015ab1d32447850b9fc94e60097be/idna-3.4-py3-none-any.whl", hash = "sha256:90b77e79eaa3eba6de819a0c442c0b4ceefc341a7a2ab77d7562bf49f425c5c2", size = 61538 },
]

[[package]]
name = "ilol-ladder"
version = "0.1.0"
source = { virtual = "." }
dependencies = [
    { name = "autopep8" },
    { name = "beautifulsoup4" },
    { name = "certifi" },
    { name = "charset-normalizer" },
    { name = "idna" },
    { name = "pycodestyle" },
    { name = "python-dotenv" },
    { name = "requests" },
    { name = "riotwatcher" },
    { name = "soupsieve" },
    { name = "tomli" },
    { name = "urllib3" },
]

[package.metadata]
requires-dist = [
    { name = "autopep8", specifier = "==2.0.2" },
    { name = "beautifulsoup4", specifier = "==4.11.2" },
    { name = "certifi", specifier = "==2022.12.7" },
    { name = "charset-normalizer", specifier = "==3.0.1" },
    { name = "idna", specifier = "==3.4" },
    { name = "pycodestyle", specifier = "==2.10.0" },
    { name = "python-dotenv", specifier = "==1.0.0" },
    { name = "requests", specifier = "==2.28.2" },
    { name = "riotwatcher", specifier = "==3.3.0" },
    { name = "soupsieve", specifier = "==2.4" },
    { name = "tomli", specifier = "==2.0.1" },
    { name = "urllib3", specifier = "==1.26.14" },
]

[[package]]
name = "pycodestyle"
version = "2.10.0"
source = { registry = "https://pypi.org/simple" }
sdist = { url = "https://files.pythonhosted.org/packages/06/6b/5ca0d12ef7dcf7d20dfa35287d02297f3e0f9e515da5183654c03a9636ce/pycodestyle-2.10.0.tar.gz", hash = "sha256:347187bdb476329d98f695c213d7295a846d1152ff4fe9bacb8a9590b8ee7053", size = 101916 }
wheels = [
    { url = "https://files.pythonhosted.org/packages/a2/54/001fdc0d69e8d0bb86c3423a6fa6dfada8cc26317c2635ab543e9ac411bd/pycodestyle-2.10.0-py2.py3-none-any.whl", hash = "sha256:8a4eaf0d0495c7395bdab3589ac2db602797d76207242c17d470186815706610", size = 41276 },
]

[[package]]
name = "python-dotenv"
version = "1.0.0"
source = { registry = "https://pypi.org/simple" }
sdist = { url = "https://files.pythonhosted.org/packages/31/06/1ef763af20d0572c032fa22882cfbfb005fba6e7300715a37840858c919e/python-dotenv-1.0.0.tar.gz", hash = "sha256:a8df96034aae6d2d50a4ebe8216326c61c3eb64836776504fcca410e5937a3ba", size = 37399 }
wheels = [
    { url = "https://files.pythonhosted.org/packages/44/2f/62ea1c8b593f4e093cc1a7768f0d46112107e790c3e478532329e434f00b/python_dotenv-1.0.0-py3-none-any.whl", hash = "sha256:f5971a9226b701070a4bf2c38c89e5a3f0d64de8debda981d1db98583009122a", size = 19482 },
]

[[package]]
name = "requests"
version = "2.28.2"
source = { registry = "https://pypi.org/simple" }
dependencies = [
    { name = "certifi" },
    { name = "charset-normalizer" },
    { name = "idna" },
    { name = "urllib3" },
]
sdist = { url = "https://files.pythonhosted.org/packages/9d/ee/391076f5937f0a8cdf5e53b701ffc91753e87b07d66bae4a09aa671897bf/requests-2.28.2.tar.gz", hash = "sha256:98b1b2782e3c6c4904938b84c0eb932721069dfdb9134313beff7c83c2df24bf", size = 108206 }
wheels = [
    { url = "https://files.pythonhosted.org/packages/d2/f4/274d1dbe96b41cf4e0efb70cbced278ffd61b5c7bb70338b62af94ccb25b/requests-2.28.2-py3-none-any.whl", hash = "sha256:64299f4909223da747622c030b781c0d7811e359c37124b4bd368fb8c6518baa", size = 62822 },
]

[[package]]
name = "riotwatcher"
version = "3.3.0"
source = { registry = "https://pypi.org/simple" }
dependencies = [
    { name = "requests" },
]
sdist = { url = "https://files.pythonhosted.org/packages/46/87/7823759c95ed93f329199f0739b63efd7fc5bfd336c504287f24faecc7ea/riotwatcher-3.3.0.tar.gz", hash = "sha256:bf6c632a301f68122988425ef5bf2aad4b2989d5a66af9b30ac17290f8f22cf3", size = 36660 }
wheels = [
    { url = "https://files.pythonhosted.org/packages/7d/86/e1f4af85633b68773b85bd3eba4256a9fa268c3932b0d54167051256a169/riotwatcher-3.3.0-py3-none-any.whl", hash = "sha256:d35ce6d2a8b49b80f16ba2c6287dfe2ef8f4ba1313e19b30a88af356991a6123", size = 59370 },
]

[[package]]
name = "soupsieve"
version = "2.4"
source = { registry = "https://pypi.org/simple" }
sdist = { url = "https://files.pythonhosted.org/packages/1b/cb/34933ebdd6bf6a77daaa0bd04318d61591452eb90ecca4def947e3cb2165/soupsieve-2.4.tar.gz", hash = "sha256:e28dba9ca6c7c00173e34e4ba57448f0688bb681b7c5e8bf4971daafc093d69a", size = 101268 }
wheels = [
    { url = "https://files.pythonhosted.org/packages/d2/70/2c92d7bc961ba43b7b21032b7622144de5f97dec14b62226533f6940798e/soupsieve-2.4-py3-none-any.whl", hash = "sha256:49e5368c2cda80ee7e84da9dbe3e110b70a4575f196efb74e51b94549d921955", size = 37021 },
]

[[package]]
name = "tomli"
version = "2.0.1"
source = { registry = "https://pypi.org/simple" }
sdist = { url = "https://files.pythonhosted.org/packages/c0/3f/d7af728f075fb08564c5949a9c95e44352e23dee646869fa104a3b2060a3/tomli-2.0.1.tar.gz", hash = "sha256:de526c12914f0c550d15924c62d72abc48d6fe7364aa87328337a31007fe8a4f", size = 15164 }
wheels = [
    { url = "https://files.pythonhosted.org/packages/97/75/10a9ebee3fd790d20926a90a2547f0bf78f371b2f13aa822c759680ca7b9/tomli-2.0.1-py3-none-any.whl", hash = "sha256:939de3e7a6161af0c887ef91b7d41a53e7c5a1ca976325f429cb46ea9bc30ecc", size = 12757 },
]

[[package]]
name = "urllib3"
version = "1.26.14"
source = { registry = "https://pypi.org/simple" }
sdist = { url = "https://files.pythonhosted.org/packages/c5/52/fe421fb7364aa738b3506a2d99e4f3a56e079c0a798e9f4fa5e14c60922f/urllib3-1.26.14.tar.gz", hash = "sha256:076907bf8fd355cde77728471316625a4d2f7e713c125f51953bb5b3eecf4f72", size = 300665 }
wheels = [
    { url = "https://files.pythonhosted.org/packages/fe/ca/466766e20b767ddb9b951202542310cba37ea5f2d792dae7589f1741af58/urllib3-1.26.14-py2.py3-none-any.whl", hash = "sha256:75edcdc2f7d85b137124a6c3c9fc3933cdeaa12ecb9a6a959f22797a0feca7e1", size = 140642 },
]
